
Microsoft Visual Studio Solution File, Format Version 12.00
# Visual Studio Version 16
VisualStudioVersion = 16.0.31624.102
MinimumVisualStudioVersion = 10.0.40219.1
Project("{FAE04EC0-301F-11D3-BF4B-00C04F79EFBC}") = "FileExplorer1", "FileExplorer1\FileExplorer1.csproj", "{A8EA25E6-FF94-48F8-B794-1FCD7792BFDB}"
EndProject
Global
	GlobalSection(SolutionConfigurationPlatforms) = preSolution
		Debug|Any CPU = Debug|Any CPU
		Release|Any CPU = Release|Any CPU
	EndGlobalSection
	GlobalSection(ProjectConfigurationPlatforms) = postSolution
		{A8EA25E6-FF94-48F8-B794-1FCD7792BFDB}.Debug|Any CPU.ActiveCfg = Debug|Any CPU
		{A8EA25E6-FF94-48F8-B794-1FCD7792BFDB}.Debug|Any CPU.Build.0 = Debug|Any CPU
		{A8EA25E6-FF94-48F8-B794-1FCD7792BFDB}.Release|Any CPU.ActiveCfg = Release|Any CPU
		{A8EA25E6-FF94-48F8-B794-1FCD7792BFDB}.Release|Any CPU.Build.0 = Release|Any CPU
	EndGlobalSection
	GlobalSection(SolutionProperties) = preSolution
		HideSolutionNode = FALSE
	EndGlobalSection
	GlobalSection(ExtensibilityGlobals) = postSolution
		SolutionGuid = {FA431847-C566-4DF2-A7FC-A48AF64FB3B5}
	EndGlobalSection
EndGlobal
